
Microsoft Visual Studio Solution File, Format Version 12.00
# Visual Studio Version 17
VisualStudioVersion = 17.13.35931.197 d17.13
MinimumVisualStudioVersion = 10.0.40219.1
Project("{FAE04EC0-301F-11D3-BF4B-00C04F79EFBC}") = "pryDiazGestionTareas", "pryDiazGestionTareas\pryDiazGestionTareas.csproj", "{E14BEAEE-711F-4DB7-8747-1B198B4163F7}"
EndProject
Global
	GlobalSection(SolutionConfigurationPlatforms) = preSolution
		Debug|Any CPU = Debug|Any CPU
		Release|Any CPU = Release|Any CPU
	EndGlobalSection
	GlobalSection(ProjectConfigurationPlatforms) = postSolution
		{E14BEAEE-711F-4DB7-8747-1B198B4163F7}.Debug|Any CPU.ActiveCfg = Debug|Any CPU
		{E14BEAEE-711F-4DB7-8747-1B198B4163F7}.Debug|Any CPU.Build.0 = Debug|Any CPU
		{E14BEAEE-711F-4DB7-8747-1B198B4163F7}.Release|Any CPU.ActiveCfg = Release|Any CPU
		{E14BEAEE-711F-4DB7-8747-1B198B4163F7}.Release|Any CPU.Build.0 = Release|Any CPU
	EndGlobalSection
	GlobalSection(SolutionProperties) = preSolution
		HideSolutionNode = FALSE
	EndGlobalSection
	GlobalSection(ExtensibilityGlobals) = postSolution
		SolutionGuid = {466CA44A-EACB-426A-B58E-6F31473B8A45}
	EndGlobalSection
EndGlobal
